// !$*UTF8*$!
{
	archiveVersion = 1;
	classes = {
	};
	objectVersion = 50;
	objects = {

/* Begin PBXBuildFile section */
		2CF96E363B5968EF168CDB32 /* Pods_Marvel_Library.framework in Frameworks */ = {isa = PBXBuildFile; fileRef = 2FFF1570C4982A26AC602A70 /* Pods_Marvel_Library.framework */; };
		AB80FFA621038ADF00962F29 /* AppDelegate.swift in Sources */ = {isa = PBXBuildFile; fileRef = AB80FFA521038ADF00962F29 /* AppDelegate.swift */; };
		AB80FFA821038ADF00962F29 /* ViewController.swift in Sources */ = {isa = PBXBuildFile; fileRef = AB80FFA721038ADF00962F29 /* ViewController.swift */; };
		AB80FFAB21038ADF00962F29 /* Main.storyboard in Resources */ = {isa = PBXBuildFile; fileRef = AB80FFA921038ADF00962F29 /* Main.storyboard */; };
		AB80FFAD21038AE000962F29 /* Assets.xcassets in Resources */ = {isa = PBXBuildFile; fileRef = AB80FFAC21038AE000962F29 /* Assets.xcassets */; };
		AB80FFB021038AE000962F29 /* LaunchScreen.storyboard in Resources */ = {isa = PBXBuildFile; fileRef = AB80FFAE21038AE000962F29 /* LaunchScreen.storyboard */; };
/* End PBXBuildFile section */

/* Begin PBXFileReference section */
		15ABE6577DB39FE444E47BB1 /* Pods-Marvel Library.debug.xcconfig */ = {isa = PBXFileReference; includeInIndex = 1; lastKnownFileType = text.xcconfig; name = "Pods-Marvel Library.debug.xcconfig"; path = "Pods/Target Support Files/Pods-Marvel Library/Pods-Marvel Library.debug.xcconfig"; sourceTree = "<group>"; };
		2FFF1570C4982A26AC602A70 /* Pods_Marvel_Library.framework */ = {isa = PBXFileReference; explicitFileType = wrapper.framework; includeInIndex = 0; path = Pods_Marvel_Library.framework; sourceTree = BUILT_PRODUCTS_DIR; };
		761D17617C0F78D1C0B0609D /* Pods-Marvel Library.release.xcconfig */ = {isa = PBXFileReference; includeInIndex = 1; lastKnownFileType = text.xcconfig; name = "Pods-Marvel Library.release.xcconfig"; path = "Pods/Target Support Files/Pods-Marvel Library/Pods-Marvel Library.release.xcconfig"; sourceTree = "<group>"; };
		AB80FFA221038ADF00962F29 /* Marvel Library.app */ = {isa = PBXFileReference; explicitFileType = wrapper.application; includeInIndex = 0; path = "Marvel Library.app"; sourceTree = BUILT_PRODUCTS_DIR; };
		AB80FFA521038ADF00962F29 /* AppDelegate.swift */ = {isa = PBXFileReference; lastKnownFileType = sourcecode.swift; path = AppDelegate.swift; sourceTree = "<group>"; };
		AB80FFA721038ADF00962F29 /* ViewController.swift */ = {isa = PBXFileReference; lastKnownFileType = sourcecode.swift; path = ViewController.swift; sourceTree = "<group>"; };
		AB80FFAA21038ADF00962F29 /* Base */ = {isa = PBXFileReference; lastKnownFileType = file.storyboard; name = Base; path = Base.lproj/Main.storyboard; sourceTree = "<group>"; };
		AB80FFAC21038AE000962F29 /* Assets.xcassets */ = {isa = PBXFileReference; lastKnownFileType = folder.assetcatalog; path = Assets.xcassets; sourceTree = "<group>"; };
		AB80FFAF21038AE000962F29 /* Base */ = {isa = PBXFileReference; lastKnownFileType = file.storyboard; name = Base; path = Base.lproj/LaunchScreen.storyboard; sourceTree = "<group>"; };
		AB80FFB121038AE000962F29 /* Info.plist */ = {isa = PBXFileReference; lastKnownFileType = text.plist.xml; path = Info.plist; sourceTree = "<group>"; };
/* End PBXFileReference section */

/* Begin PBXFrameworksBuildPhase section */
		AB80FF9F21038ADF00962F29 /* Frameworks */ = {
			isa = PBXFrameworksBuildPhase;
			buildActionMask = 2147483647;
			files = (
				2CF96E363B5968EF168CDB32 /* Pods_Marvel_Library.framework in Frameworks */,
			);
			runOnlyForDeploymentPostprocessing = 0;
		};
/* End PBXFrameworksBuildPhase section */

/* Begin PBXGroup section */
		AB80FF9921038ADF00962F29 = {
			isa = PBXGroup;
			children = (
				AB80FFA421038ADF00962F29 /* Marvel Library */,
				AB80FFA321038ADF00962F29 /* Products */,
				C25E2206C02EC61A046AABEE /* Pods */,
				C236807D9498ABC998386D65 /* Frameworks */,
			);
			sourceTree = "<group>";
		};
		AB80FFA321038ADF00962F29 /* Products */ = {
			isa = PBXGroup;
			children = (
				AB80FFA221038ADF00962F29 /* Marvel Library.app */,
			);
			name = Products;
			sourceTree = "<group>";
		};
		AB80FFA421038ADF00962F29 /* Marvel Library */ = {
			isa = PBXGroup;
			children = (
				AB80FFA521038ADF00962F29 /* AppDelegate.swift */,
				AB80FFA721038ADF00962F29 /* ViewController.swift */,
				AB80FFA921038ADF00962F29 /* Main.storyboard */,
				AB80FFAC21038AE000962F29 /* Assets.xcassets */,
				AB80FFAE21038AE000962F29 /* LaunchScreen.storyboard */,
				AB80FFB121038AE000962F29 /* Info.plist */,
			);
			path = "Marvel Library";
			sourceTree = "<group>";
		};
		C236807D9498ABC998386D65 /* Frameworks */ = {
			isa = PBXGroup;
			children = (
				2FFF1570C4982A26AC602A70 /* Pods_Marvel_Library.framework */,
			);
			name = Frameworks;
			sourceTree = "<group>";
		};
		C25E2206C02EC61A046AABEE /* Pods */ = {
			isa = PBXGroup;
			children = (
				15ABE6577DB39FE444E47BB1 /* Pods-Marvel Library.debug.xcconfig */,
				761D17617C0F78D1C0B0609D /* Pods-Marvel Library.release.xcconfig */,
			);
			name = Pods;
			sourceTree = "<group>";
		};
/* End PBXGroup section */

/* Begin PBXNativeTarget section */
		AB80FFA121038ADF00962F29 /* Marvel Library */ = {
			isa = PBXNativeTarget;
			buildConfigurationList = AB80FFB421038AE000962F29 /* Build configuration list for PBXNativeTarget "Marvel Library" */;
			buildPhases = (
				AA669DBFABE82096A64922FD /* [CP] Check Pods Manifest.lock */,
				AB80FF9E21038ADF00962F29 /* Sources */,
				AB80FF9F21038ADF00962F29 /* Frameworks */,
				AB80FFA021038ADF00962F29 /* Resources */,
			);
			buildRules = (
			);
			dependencies = (
			);
			name = "Marvel Library";
			productName = "Marvel Library";
			productReference = AB80FFA221038ADF00962F29 /* Marvel Library.app */;
			productType = "com.apple.product-type.application";
		};
/* End PBXNativeTarget section */

/* Begin PBXProject section */
		AB80FF9A21038ADF00962F29 /* Project object */ = {
			isa = PBXProject;
			attributes = {
				LastSwiftUpdateCheck = 0940;
				LastUpgradeCheck = 0940;
				ORGANIZATIONNAME = "CWI Software";
				TargetAttributes = {
					AB80FFA121038ADF00962F29 = {
						CreatedOnToolsVersion = 9.4.1;
					};
				};
			};
			buildConfigurationList = AB80FF9D21038ADF00962F29 /* Build configuration list for PBXProject "Marvel Library" */;
			compatibilityVersion = "Xcode 9.3";
			developmentRegion = en;
			hasScannedForEncodings = 0;
			knownRegions = (
				en,
				Base,
			);
			mainGroup = AB80FF9921038ADF00962F29;
			productRefGroup = AB80FFA321038ADF00962F29 /* Products */;
			projectDirPath = "";
			projectRoot = "";
			targets = (
				AB80FFA121038ADF00962F29 /* Marvel Library */,
			);
		};
/* End PBXProject section */

/* Begin PBXResourcesBuildPhase section */
		AB80FFA021038ADF00962F29 /* Resources */ = {
			isa = PBXResourcesBuildPhase;
			buildActionMask = 2147483647;
			files = (
				AB80FFB021038AE000962F29 /* LaunchScreen.storyboard in Resources */,
				AB80FFAD21038AE000962F29 /* Assets.xcassets in Resources */,
				AB80FFAB21038ADF00962F29 /* Main.storyboard in Resources */,
			);
			runOnlyForDeploymentPostprocessing = 0;
		};
/* End PBXResourcesBuildPhase section */

/* Begin PBXShellScriptBuildPhase section */
		AA669DBFABE82096A64922FD /* [CP] Check Pods Manifest.lock */ = {
			isa = PBXShellScriptBuildPhase;
			buildActionMask = 2147483647;
			files = (
			);
			inputPaths = (
				"${PODS_PODFILE_DIR_PATH}/Podfile.lock",
				"${PODS_ROOT}/Manifest.lock",
			);
			name = "[CP] Check Pods Manifest.lock";
			outputPaths = (
				"$(DERIVED_FILE_DIR)/Pods-Marvel Library-checkManifestLockResult.txt",
			);
			runOnlyForDeploymentPostprocessing = 0;
			shellPath = /bin/sh;
			shellScript = "diff \"${PODS_PODFILE_DIR_PATH}/Podfile.lock\" \"${PODS_ROOT}/Manifest.lock\" > /dev/null\nif [ $? != 0 ] ; then\n    # print error to STDERR\n    echo \"error: The sandbox is not in sync with the Podfile.lock. Run 'pod install' or update your CocoaPods installation.\" >&2\n    exit 1\nfi\n# This output is used by Xcode 'outputs' to avoid re-running this script phase.\necho \"SUCCESS\" > \"${SCRIPT_OUTPUT_FILE_0}\"\n";
			showEnvVarsInLog = 0;
		};
/* End PBXShellScriptBuildPhase section */

/* Begin PBXSourcesBuildPhase section */
		AB80FF9E21038ADF00962F29 /* Sources */ = {
			isa = PBXSourcesBuildPhase;
			buildActionMask = 2147483647;
			files = (
				AB80FFA821038ADF00962F29 /* ViewController.swift in Sources */,
				AB80FFA621038ADF00962F29 /* AppDelegate.swift in Sources */,
			);
			runOnlyForDeploymentPostprocessing = 0;
		};
/* End PBXSourcesBuildPhase section */

/* Begin PBXVariantGroup section */
		AB80FFA921038ADF00962F29 /* Main.storyboard */ = {
			isa = PBXVariantGroup;
			children = (
				AB80FFAA21038ADF00962F29 /* Base */,
			);
			name = Main.storyboard;
			sourceTree = "<group>";
		};
		AB80FFAE21038AE000962F29 /* LaunchScreen.storyboard */ = {
			isa = PBXVariantGroup;
			children = (
				AB80FFAF21038AE000962F29 /* Base */,
			);
			name = LaunchScreen.storyboard;
			sourceTree = "<group>";
		};
/* End PBXVariantGroup section */

/* Begin XCBuildConfiguration section */
		AB80FFB221038AE000962F29 /* Debug */ = {
			isa = XCBuildConfiguration;
			buildSettings = {
				ALWAYS_SEARCH_USER_PATHS = NO;
				CLANG_ANALYZER_NONNULL = YES;
				CLANG_ANALYZER_NUMBER_OBJECT_CONVERSION = YES_AGGRESSIVE;
				CLANG_CXX_LANGUAGE_STANDARD = "gnu++14";
				CLANG_CXX_LIBRARY = "libc++";
				CLANG_ENABLE_MODULES = YES;
				CLANG_ENABLE_OBJC_ARC = YES;
				CLANG_ENABLE_OBJC_WEAK = YES;
				CLANG_WARN_BLOCK_CAPTURE_AUTORELEASING = YES;
				CLANG_WARN_BOOL_CONVERSION = YES;
				CLANG_WARN_COMMA = YES;
				CLANG_WARN_CONSTANT_CONVERSION = YES;
				CLANG_WARN_DEPRECATED_OBJC_IMPLEMENTATIONS = YES;
				CLANG_WARN_DIRECT_OBJC_ISA_USAGE = YES_ERROR;
				CLANG_WARN_DOCUMENTATION_COMMENTS = YES;
				CLANG_WARN_EMPTY_BODY = YES;
				CLANG_WARN_ENUM_CONVERSION = YES;
				CLANG_WARN_INFINITE_RECURSION = YES;
				CLANG_WARN_INT_CONVERSION = YES;
				CLANG_WARN_NON_LITERAL_NULL_CONVERSION = YES;
				CLANG_WARN_OBJC_IMPLICIT_RETAIN_SELF = YES;
				CLANG_WARN_OBJC_LITERAL_CONVERSION = YES;
				CLANG_WARN_OBJC_ROOT_CLASS = YES_ERROR;
				CLANG_WARN_RANGE_LOOP_ANALYSIS = YES;
				CLANG_WARN_STRICT_PROTOTYPES = YES;
				CLANG_WARN_SUSPICIOUS_MOVE = YES;
				CLANG_WARN_UNGUARDED_AVAILABILITY = YES_AGGRESSIVE;
				CLANG_WARN_UNREACHABLE_CODE = YES;
				CLANG_WARN__DUPLICATE_METHOD_MATCH = YES;
				CODE_SIGN_IDENTITY = "iPhone Developer";
				COPY_PHASE_STRIP = NO;
				DEBUG_INFORMATION_FORMAT = dwarf;
				ENABLE_STRICT_OBJC_MSGSEND = YES;
				ENABLE_TESTABILITY = YES;
				GCC_C_LANGUAGE_STANDARD = gnu11;
				GCC_DYNAMIC_NO_PIC = NO;
				GCC_NO_COMMON_BLOCKS = YES;
				GCC_OPTIMIZATION_LEVEL = 0;
				GCC_PREPROCESSOR_DEFINITIONS = (
					"DEBUG=1",
					"$(inherited)",
				);
				GCC_WARN_64_TO_32_BIT_CONVERSION = YES;
				GCC_WARN_ABOUT_RETURN_TYPE = YES_ERROR;
				GCC_WARN_UNDECLARED_SELECTOR = YES;
				GCC_WARN_UNINITIALIZED_AUTOS = YES_AGGRESSIVE;
				GCC_WARN_UNUSED_FUNCTION = YES;
				GCC_WARN_UNUSED_VARIABLE = YES;
				IPHONEOS_DEPLOYMENT_TARGET = 11.4;
				MTL_ENABLE_DEBUG_INFO = YES;
				ONLY_ACTIVE_ARCH = YES;
				SDKROOT = iphoneos;
				SWIFT_ACTIVE_COMPILATION_CONDITIONS = DEBUG;
				SWIFT_OPTIMIZATION_LEVEL = "-Onone";
			};
			name = Debug;
		};
		AB80FFB321038AE000962F29 /* Release */ = {
			isa = XCBuildConfiguration;
			buildSettings = {
				ALWAYS_SEARCH_USER_PATHS = NO;
				CLANG_ANALYZER_NONNULL = YES;
				CLANG_ANALYZER_NUMBER_OBJECT_CONVERSION = YES_AGGRESSIVE;
				CLANG_CXX_LANGUAGE_STANDARD = "gnu++14";
				CLANG_CXX_LIBRARY = "libc++";
				CLANG_ENABLE_MODULES = YES;
				CLANG_ENABLE_OBJC_ARC = YES;
				CLANG_ENABLE_OBJC_WEAK = YES;
				CLANG_WARN_BLOCK_CAPTURE_AUTORELEASING = YES;
				CLANG_WARN_BOOL_CONVERSION = YES;
				CLANG_WARN_COMMA = YES;
				CLANG_WARN_CONSTANT_CONVERSION = YES;
				CLANG_WARN_DEPRECATED_OBJC_IMPLEMENTATIONS = YES;
				CLANG_WARN_DIRECT_OBJC_ISA_USAGE = YES_ERROR;
				CLANG_WARN_DOCUMENTATION_COMMENTS = YES;
				CLANG_WARN_EMPTY_BODY = YES;
				CLANG_WARN_ENUM_CONVERSION = YES;
				CLANG_WARN_INFINITE_RECURSION = YES;
				CLANG_WARN_INT_CONVERSION = YES;
				CLANG_WARN_NON_LITERAL_NULL_CONVERSION = YES;
				CLANG_WARN_OBJC_IMPLICIT_RETAIN_SELF = YES;
				CLANG_WARN_OBJC_LITERAL_CONVERSION = YES;
				CLANG_WARN_OBJC_ROOT_CLASS = YES_ERROR;
				CLANG_WARN_RANGE_LOOP_ANALYSIS = YES;
				CLANG_WARN_STRICT_PROTOTYPES = YES;
				CLANG_WARN_SUSPICIOUS_MOVE = YES;
				CLANG_WARN_UNGUARDED_AVAILABILITY = YES_AGGRESSIVE;
				CLANG_WARN_UNREACHABLE_CODE = YES;
				CLANG_WARN__DUPLICATE_METHOD_MATCH = YES;
				CODE_SIGN_IDENTITY = "iPhone Developer";
				COPY_PHASE_STRIP = NO;
				DEBUG_INFORMATION_FORMAT = "dwarf-with-dsym";
				ENABLE_NS_ASSERTIONS = NO;
				ENABLE_STRICT_OBJC_MSGSEND = YES;
				GCC_C_LANGUAGE_STANDARD = gnu11;
				GCC_NO_COMMON_BLOCKS = YES;
				GCC_WARN_64_TO_32_BIT_CONVERSION = YES;
				GCC_WARN_ABOUT_RETURN_TYPE = YES_ERROR;
				GCC_WARN_UNDECLARED_SELECTOR = YES;
				GCC_WARN_UNINITIALIZED_AUTOS = YES_AGGRESSIVE;
				GCC_WARN_UNUSED_FUNCTION = YES;
				GCC_WARN_UNUSED_VARIABLE = YES;
				IPHONEOS_DEPLOYMENT_TARGET = 11.4;
				MTL_ENABLE_DEBUG_INFO = NO;
				SDKROOT = iphoneos;
				SWIFT_COMPILATION_MODE = wholemodule;
				SWIFT_OPTIMIZATION_LEVEL = "-O";
				VALIDATE_PRODUCT = YES;
			};
			name = Release;
		};
		AB80FFB521038AE000962F29 /* Debug */ = {
			isa = XCBuildConfiguration;
			baseConfigurationReference = 15ABE6577DB39FE444E47BB1 /* Pods-Marvel Library.debug.xcconfig */;
			buildSettings = {
				ASSETCATALOG_COMPILER_APPICON_NAME = AppIcon;
				CODE_SIGN_STYLE = Automatic;
				DEVELOPMENT_TEAM = E35B4J73J4;
				INFOPLIST_FILE = "Marvel Library/Info.plist";
				LD_RUNPATH_SEARCH_PATHS = (
					"$(inherited)",
					"@executable_path/Frameworks",
				);
				PRODUCT_BUNDLE_IDENTIFIER = "br.com.Marvel-Library";
				PRODUCT_NAME = "$(TARGET_NAME)";
				SWIFT_VERSION = 4.0;
				TARGETED_DEVICE_FAMILY = "1,2";
			};
			name = Debug;
		};
		AB80FFB621038AE000962F29 /* Release */ = {
			isa = XCBuildConfiguration;
			baseConfigurationReference = 761D17617C0F78D1C0B0609D /* Pods-Marvel Library.release.xcconfig */;
			buildSettings = {
				ASSETCATALOG_COMPILER_APPICON_NAME = AppIcon;
				CODE_SIGN_STYLE = Automatic;
				DEVELOPMENT_TEAM = E35B4J73J4;
				INFOPLIST_FILE = "Marvel Library/Info.plist";
				LD_RUNPATH_SEARCH_PATHS = (
					"$(inherited)",
					"@executable_path/Frameworks",
				);
				PRODUCT_BUNDLE_IDENTIFIER = "br.com.Marvel-Library";
				PRODUCT_NAME = "$(TARGET_NAME)";
				SWIFT_VERSION = 4.0;
				TARGETED_DEVICE_FAMILY = "1,2";
			};
			name = Release;
		};
/* End XCBuildConfiguration section */

/* Begin XCConfigurationList section */
		AB80FF9D21038ADF00962F29 /* Build configuration list for PBXProject "Marvel Library" */ = {
			isa = XCConfigurationList;
			buildConfigurations = (
				AB80FFB221038AE000962F29 /* Debug */,
				AB80FFB321038AE000962F29 /* Release */,
			);
			defaultConfigurationIsVisible = 0;
			defaultConfigurationName = Release;
		};
		AB80FFB421038AE000962F29 /* Build configuration list for PBXNativeTarget "Marvel Library" */ = {
			isa = XCConfigurationList;
			buildConfigurations = (
				AB80FFB521038AE000962F29 /* Debug */,
				AB80FFB621038AE000962F29 /* Release */,
			);
			defaultConfigurationIsVisible = 0;
			defaultConfigurationName = Release;
		};
/* End XCConfigurationList section */
	};
	rootObject = AB80FF9A21038ADF00962F29 /* Project object */;
}
